
Microsoft Visual Studio Solution File, Format Version 12.00
# Visual Studio Version 16
VisualStudioVersion = 16.0.31025.194
MinimumVisualStudioVersion = 10.0.40219.1
Project("{FAE04EC0-301F-11D3-BF4B-00C04F79EFBC}") = "HueSundowner", "HueSundowner\HueSundowner.csproj", "{CD32467C-3973-4335-987D-83DB1CBEB180}"
EndProject
Project("{FAE04EC0-301F-11D3-BF4B-00C04F79EFBC}") = "TestConsole", "TestConsole\TestConsole.csproj", "{ED5E218F-C1EE-4E6D-ACCF-C979E64E8C4D}"
EndProject
Project("{2150E333-8FDC-42A3-9474-1A3956D46DE8}") = "Solution Items", "Solution Items", "{5156F748-3DCE-4B7E-A19B-A3FEB4CC5B18}"
	ProjectSection(SolutionItems) = preProject
		.gitignore = .gitignore
	EndProjectSection
EndProject
Global
	GlobalSection(SolutionConfigurationPlatforms) = preSolution
		Debug|Any CPU = Debug|Any CPU
		Release|Any CPU = Release|Any CPU
	EndGlobalSection
	GlobalSection(ProjectConfigurationPlatforms) = postSolution
		{CD32467C-3973-4335-987D-83DB1CBEB180}.Debug|Any CPU.ActiveCfg = Debug|Any CPU
		{CD32467C-3973-4335-987D-83DB1CBEB180}.Debug|Any CPU.Build.0 = Debug|Any CPU
		{CD32467C-3973-4335-987D-83DB1CBEB180}.Release|Any CPU.ActiveCfg = Release|Any CPU
		{CD32467C-3973-4335-987D-83DB1CBEB180}.Release|Any CPU.Build.0 = Release|Any CPU
		{ED5E218F-C1EE-4E6D-ACCF-C979E64E8C4D}.Debug|Any CPU.ActiveCfg = Debug|Any CPU
		{ED5E218F-C1EE-4E6D-ACCF-C979E64E8C4D}.Debug|Any CPU.Build.0 = Debug|Any CPU
		{ED5E218F-C1EE-4E6D-ACCF-C979E64E8C4D}.Release|Any CPU.ActiveCfg = Release|Any CPU
		{ED5E218F-C1EE-4E6D-ACCF-C979E64E8C4D}.Release|Any CPU.Build.0 = Release|Any CPU
	EndGlobalSection
	GlobalSection(SolutionProperties) = preSolution
		HideSolutionNode = FALSE
	EndGlobalSection
	GlobalSection(ExtensibilityGlobals) = postSolution
		SolutionGuid = {E95952A0-AB74-477A-8962-789AB2CE6469}
	EndGlobalSection
EndGlobal
